// !$*UTF8*$!
{
	archiveVersion = 1;
	classes = {
	};
	objectVersion = 48;
	objects = {

/* Begin PBXBuildFile section */
		FB2E6BBF20063D7700DABF80 /* AppDelegate.swift in Sources */ = {isa = PBXBuildFile; fileRef = FB2E6BBE20063D7700DABF80 /* AppDelegate.swift */; };
		FB2E6BC420063D7700DABF80 /* Main.storyboard in Resources */ = {isa = PBXBuildFile; fileRef = FB2E6BC220063D7700DABF80 /* Main.storyboard */; };
		FB2E6BC620063D7700DABF80 /* Assets.xcassets in Resources */ = {isa = PBXBuildFile; fileRef = FB2E6BC520063D7700DABF80 /* Assets.xcassets */; };
		FB2E6BC920063D7700DABF80 /* LaunchScreen.storyboard in Resources */ = {isa = PBXBuildFile; fileRef = FB2E6BC720063D7700DABF80 /* LaunchScreen.storyboard */; };
		FB2E6BD220063F8300DABF80 /* Alamofire.framework in Frameworks */ = {isa = PBXBuildFile; fileRef = FB2E6BD120063F8300DABF80 /* Alamofire.framework */; };
		FB2E6BD420063F8700DABF80 /* AlamofireObjectMapper.framework in Frameworks */ = {isa = PBXBuildFile; fileRef = FB2E6BD320063F8700DABF80 /* AlamofireObjectMapper.framework */; };
		FB2E6BD620063F8A00DABF80 /* Kingfisher.framework in Frameworks */ = {isa = PBXBuildFile; fileRef = FB2E6BD520063F8A00DABF80 /* Kingfisher.framework */; };
		FB2E6BD820063F8E00DABF80 /* ObjectMapper.framework in Frameworks */ = {isa = PBXBuildFile; fileRef = FB2E6BD720063F8E00DABF80 /* ObjectMapper.framework */; };
		FB2E6BDA20063F9100DABF80 /* SwiftyJSON.framework in Frameworks */ = {isa = PBXBuildFile; fileRef = FB2E6BD920063F9100DABF80 /* SwiftyJSON.framework */; };
		FB2E6BE4200653F100DABF80 /* SearchCityInteractor.swift in Sources */ = {isa = PBXBuildFile; fileRef = FB2E6BDE200653F100DABF80 /* SearchCityInteractor.swift */; };
		FB2E6BE5200653F100DABF80 /* SearchCityModels.swift in Sources */ = {isa = PBXBuildFile; fileRef = FB2E6BDF200653F100DABF80 /* SearchCityModels.swift */; };
		FB2E6BE6200653F100DABF80 /* SearchCityPresenter.swift in Sources */ = {isa = PBXBuildFile; fileRef = FB2E6BE0200653F100DABF80 /* SearchCityPresenter.swift */; };
		FB2E6BE7200653F100DABF80 /* SearchCityRouter.swift in Sources */ = {isa = PBXBuildFile; fileRef = FB2E6BE1200653F100DABF80 /* SearchCityRouter.swift */; };
		FB2E6BE8200653F100DABF80 /* SearchCityViewController.swift in Sources */ = {isa = PBXBuildFile; fileRef = FB2E6BE2200653F100DABF80 /* SearchCityViewController.swift */; };
		FB2E6BE9200653F100DABF80 /* SearchCityWorker.swift in Sources */ = {isa = PBXBuildFile; fileRef = FB2E6BE3200653F100DABF80 /* SearchCityWorker.swift */; };
		FB2E6BF12006551100DABF80 /* ViewWeatherInteractor.swift in Sources */ = {isa = PBXBuildFile; fileRef = FB2E6BEB2006551100DABF80 /* ViewWeatherInteractor.swift */; };
		FB2E6BF22006551100DABF80 /* ViewWeatherModels.swift in Sources */ = {isa = PBXBuildFile; fileRef = FB2E6BEC2006551100DABF80 /* ViewWeatherModels.swift */; };
		FB2E6BF32006551100DABF80 /* ViewWeatherPresenter.swift in Sources */ = {isa = PBXBuildFile; fileRef = FB2E6BED2006551100DABF80 /* ViewWeatherPresenter.swift */; };
		FB2E6BF42006551100DABF80 /* ViewWeatherRouter.swift in Sources */ = {isa = PBXBuildFile; fileRef = FB2E6BEE2006551100DABF80 /* ViewWeatherRouter.swift */; };
		FB2E6BF52006551100DABF80 /* ViewWeatherViewController.swift in Sources */ = {isa = PBXBuildFile; fileRef = FB2E6BEF2006551100DABF80 /* ViewWeatherViewController.swift */; };
		FB2E6BF62006551100DABF80 /* ViewWeatherWorker.swift in Sources */ = {isa = PBXBuildFile; fileRef = FB2E6BF02006551100DABF80 /* ViewWeatherWorker.swift */; };
		FB2E6BFB20066B7300DABF80 /* Weather.swift in Sources */ = {isa = PBXBuildFile; fileRef = FB2E6BFA20066B7300DABF80 /* Weather.swift */; };
		FB2E6BFD20066B8400DABF80 /* Forecast.swift in Sources */ = {isa = PBXBuildFile; fileRef = FB2E6BFC20066B8400DABF80 /* Forecast.swift */; };
		FB2E6BFF20066BA200DABF80 /* WeatherData.swift in Sources */ = {isa = PBXBuildFile; fileRef = FB2E6BFE20066BA200DABF80 /* WeatherData.swift */; };
		FB2E6C0220066BCD00DABF80 /* WeatherAPI.swift in Sources */ = {isa = PBXBuildFile; fileRef = FB2E6C0120066BCD00DABF80 /* WeatherAPI.swift */; };
		FB2E6C0620066C7F00DABF80 /* WeatherWorker.swift in Sources */ = {isa = PBXBuildFile; fileRef = FB2E6C0520066C7F00DABF80 /* WeatherWorker.swift */; };
/* End PBXBuildFile section */

/* Begin PBXFileReference section */
		FB2E6BBB20063D7700DABF80 /* CleanSwiftTemplates.app */ = {isa = PBXFileReference; explicitFileType = wrapper.application; includeInIndex = 0; path = CleanSwiftTemplates.app; sourceTree = BUILT_PRODUCTS_DIR; };
		FB2E6BBE20063D7700DABF80 /* AppDelegate.swift */ = {isa = PBXFileReference; lastKnownFileType = sourcecode.swift; path = AppDelegate.swift; sourceTree = "<group>"; };
		FB2E6BC320063D7700DABF80 /* Base */ = {isa = PBXFileReference; lastKnownFileType = file.storyboard; name = Base; path = Base.lproj/Main.storyboard; sourceTree = "<group>"; };
		FB2E6BC520063D7700DABF80 /* Assets.xcassets */ = {isa = PBXFileReference; lastKnownFileType = folder.assetcatalog; path = Assets.xcassets; sourceTree = "<group>"; };
		FB2E6BC820063D7700DABF80 /* Base */ = {isa = PBXFileReference; lastKnownFileType = file.storyboard; name = Base; path = Base.lproj/LaunchScreen.storyboard; sourceTree = "<group>"; };
		FB2E6BCA20063D7700DABF80 /* Info.plist */ = {isa = PBXFileReference; lastKnownFileType = text.plist.xml; path = Info.plist; sourceTree = "<group>"; };
		FB2E6BD120063F8300DABF80 /* Alamofire.framework */ = {isa = PBXFileReference; lastKnownFileType = wrapper.framework; name = Alamofire.framework; path = Carthage/Build/iOS/Alamofire.framework; sourceTree = "<group>"; };
		FB2E6BD320063F8700DABF80 /* AlamofireObjectMapper.framework */ = {isa = PBXFileReference; lastKnownFileType = wrapper.framework; name = AlamofireObjectMapper.framework; path = Carthage/Build/iOS/AlamofireObjectMapper.framework; sourceTree = "<group>"; };
		FB2E6BD520063F8A00DABF80 /* Kingfisher.framework */ = {isa = PBXFileReference; lastKnownFileType = wrapper.framework; name = Kingfisher.framework; path = Carthage/Build/iOS/Kingfisher.framework; sourceTree = "<group>"; };
		FB2E6BD720063F8E00DABF80 /* ObjectMapper.framework */ = {isa = PBXFileReference; lastKnownFileType = wrapper.framework; name = ObjectMapper.framework; path = Carthage/Build/iOS/ObjectMapper.framework; sourceTree = "<group>"; };
		FB2E6BD920063F9100DABF80 /* SwiftyJSON.framework */ = {isa = PBXFileReference; lastKnownFileType = wrapper.framework; name = SwiftyJSON.framework; path = Carthage/Build/iOS/SwiftyJSON.framework; sourceTree = "<group>"; };
		FB2E6BDE200653F100DABF80 /* SearchCityInteractor.swift */ = {isa = PBXFileReference; lastKnownFileType = sourcecode.swift; path = SearchCityInteractor.swift; sourceTree = "<group>"; };
		FB2E6BDF200653F100DABF80 /* SearchCityModels.swift */ = {isa = PBXFileReference; lastKnownFileType = sourcecode.swift; path = SearchCityModels.swift; sourceTree = "<group>"; };
		FB2E6BE0200653F100DABF80 /* SearchCityPresenter.swift */ = {isa = PBXFileReference; lastKnownFileType = sourcecode.swift; path = SearchCityPresenter.swift; sourceTree = "<group>"; };
		FB2E6BE1200653F100DABF80 /* SearchCityRouter.swift */ = {isa = PBXFileReference; lastKnownFileType = sourcecode.swift; path = SearchCityRouter.swift; sourceTree = "<group>"; };
		FB2E6BE2200653F100DABF80 /* SearchCityViewController.swift */ = {isa = PBXFileReference; lastKnownFileType = sourcecode.swift; path = SearchCityViewController.swift; sourceTree = "<group>"; };
		FB2E6BE3200653F100DABF80 /* SearchCityWorker.swift */ = {isa = PBXFileReference; lastKnownFileType = sourcecode.swift; path = SearchCityWorker.swift; sourceTree = "<group>"; };
		FB2E6BEB2006551100DABF80 /* ViewWeatherInteractor.swift */ = {isa = PBXFileReference; lastKnownFileType = sourcecode.swift; path = ViewWeatherInteractor.swift; sourceTree = "<group>"; };
		FB2E6BEC2006551100DABF80 /* ViewWeatherModels.swift */ = {isa = PBXFileReference; lastKnownFileType = sourcecode.swift; path = ViewWeatherModels.swift; sourceTree = "<group>"; };
		FB2E6BED2006551100DABF80 /* ViewWeatherPresenter.swift */ = {isa = PBXFileReference; lastKnownFileType = sourcecode.swift; path = ViewWeatherPresenter.swift; sourceTree = "<group>"; };
		FB2E6BEE2006551100DABF80 /* ViewWeatherRouter.swift */ = {isa = PBXFileReference; lastKnownFileType = sourcecode.swift; path = ViewWeatherRouter.swift; sourceTree = "<group>"; };
		FB2E6BEF2006551100DABF80 /* ViewWeatherViewController.swift */ = {isa = PBXFileReference; lastKnownFileType = sourcecode.swift; path = ViewWeatherViewController.swift; sourceTree = "<group>"; };
		FB2E6BF02006551100DABF80 /* ViewWeatherWorker.swift */ = {isa = PBXFileReference; lastKnownFileType = sourcecode.swift; path = ViewWeatherWorker.swift; sourceTree = "<group>"; };
		FB2E6BFA20066B7300DABF80 /* Weather.swift */ = {isa = PBXFileReference; lastKnownFileType = sourcecode.swift; path = Weather.swift; sourceTree = "<group>"; };
		FB2E6BFC20066B8400DABF80 /* Forecast.swift */ = {isa = PBXFileReference; lastKnownFileType = sourcecode.swift; path = Forecast.swift; sourceTree = "<group>"; };
		FB2E6BFE20066BA200DABF80 /* WeatherData.swift */ = {isa = PBXFileReference; lastKnownFileType = sourcecode.swift; path = WeatherData.swift; sourceTree = "<group>"; };
		FB2E6C0120066BCD00DABF80 /* WeatherAPI.swift */ = {isa = PBXFileReference; lastKnownFileType = sourcecode.swift; path = WeatherAPI.swift; sourceTree = "<group>"; };
		FB2E6C0520066C7F00DABF80 /* WeatherWorker.swift */ = {isa = PBXFileReference; lastKnownFileType = sourcecode.swift; path = WeatherWorker.swift; sourceTree = "<group>"; };
/* End PBXFileReference section */

/* Begin PBXFrameworksBuildPhase section */
		FB2E6BB820063D7700DABF80 /* Frameworks */ = {
			isa = PBXFrameworksBuildPhase;
			buildActionMask = 2147483647;
			files = (
				FB2E6BD220063F8300DABF80 /* Alamofire.framework in Frameworks */,
				FB2E6BD420063F8700DABF80 /* AlamofireObjectMapper.framework in Frameworks */,
				FB2E6BD620063F8A00DABF80 /* Kingfisher.framework in Frameworks */,
				FB2E6BD820063F8E00DABF80 /* ObjectMapper.framework in Frameworks */,
				FB2E6BDA20063F9100DABF80 /* SwiftyJSON.framework in Frameworks */,
			);
			runOnlyForDeploymentPostprocessing = 0;
		};
/* End PBXFrameworksBuildPhase section */

/* Begin PBXGroup section */
		FB2E6BB220063D7700DABF80 = {
			isa = PBXGroup;
			children = (
				FB2E6BBD20063D7700DABF80 /* CleanSwiftTemplates */,
				FB2E6BBC20063D7700DABF80 /* Products */,
				FB2E6BD020063F8300DABF80 /* Frameworks */,
			);
			sourceTree = "<group>";
		};
		FB2E6BBC20063D7700DABF80 /* Products */ = {
			isa = PBXGroup;
			children = (
				FB2E6BBB20063D7700DABF80 /* CleanSwiftTemplates.app */,
			);
			name = Products;
			sourceTree = "<group>";
		};
		FB2E6BBD20063D7700DABF80 /* CleanSwiftTemplates */ = {
			isa = PBXGroup;
			children = (
				FB2E6C0020066BB000DABF80 /* Data */,
				FB2E6BF720066A3700DABF80 /* Models */,
				FB2E6BDC200653AE00DABF80 /* Scenes */,
				FB2E6C0320066BD900DABF80 /* Domain */,
				FB2E6BBE20063D7700DABF80 /* AppDelegate.swift */,
				FB2E6BC220063D7700DABF80 /* Main.storyboard */,
				FB2E6BC520063D7700DABF80 /* Assets.xcassets */,
				FB2E6BC720063D7700DABF80 /* LaunchScreen.storyboard */,
				FB2E6BCA20063D7700DABF80 /* Info.plist */,
			);
			path = CleanSwiftTemplates;
			sourceTree = "<group>";
		};
		FB2E6BD020063F8300DABF80 /* Frameworks */ = {
			isa = PBXGroup;
			children = (
				FB2E6BD920063F9100DABF80 /* SwiftyJSON.framework */,
				FB2E6BD720063F8E00DABF80 /* ObjectMapper.framework */,
				FB2E6BD520063F8A00DABF80 /* Kingfisher.framework */,
				FB2E6BD320063F8700DABF80 /* AlamofireObjectMapper.framework */,
				FB2E6BD120063F8300DABF80 /* Alamofire.framework */,
			);
			name = Frameworks;
			sourceTree = "<group>";
		};
		FB2E6BDC200653AE00DABF80 /* Scenes */ = {
			isa = PBXGroup;
			children = (
				FB2E6BDD200653BC00DABF80 /* SearchCity */,
				FB2E6BEA200654F800DABF80 /* ViewWeather */,
			);
			path = Scenes;
			sourceTree = "<group>";
		};
		FB2E6BDD200653BC00DABF80 /* SearchCity */ = {
			isa = PBXGroup;
			children = (
				FB2E6BDE200653F100DABF80 /* SearchCityInteractor.swift */,
				FB2E6BDF200653F100DABF80 /* SearchCityModels.swift */,
				FB2E6BE0200653F100DABF80 /* SearchCityPresenter.swift */,
				FB2E6BE1200653F100DABF80 /* SearchCityRouter.swift */,
				FB2E6BE2200653F100DABF80 /* SearchCityViewController.swift */,
				FB2E6BE3200653F100DABF80 /* SearchCityWorker.swift */,
			);
			path = SearchCity;
			sourceTree = "<group>";
		};
		FB2E6BEA200654F800DABF80 /* ViewWeather */ = {
			isa = PBXGroup;
			children = (
				FB2E6BEB2006551100DABF80 /* ViewWeatherInteractor.swift */,
				FB2E6BEC2006551100DABF80 /* ViewWeatherModels.swift */,
				FB2E6BED2006551100DABF80 /* ViewWeatherPresenter.swift */,
				FB2E6BEE2006551100DABF80 /* ViewWeatherRouter.swift */,
				FB2E6BEF2006551100DABF80 /* ViewWeatherViewController.swift */,
				FB2E6BF02006551100DABF80 /* ViewWeatherWorker.swift */,
			);
			path = ViewWeather;
			sourceTree = "<group>";
		};
		FB2E6BF720066A3700DABF80 /* Models */ = {
			isa = PBXGroup;
			children = (
				FB2E6BFA20066B7300DABF80 /* Weather.swift */,
				FB2E6BFC20066B8400DABF80 /* Forecast.swift */,
				FB2E6BFE20066BA200DABF80 /* WeatherData.swift */,
			);
			path = Models;
			sourceTree = "<group>";
		};
		FB2E6C0020066BB000DABF80 /* Data */ = {
			isa = PBXGroup;
			children = (
				FB2E6C0120066BCD00DABF80 /* WeatherAPI.swift */,
			);
			path = Data;
			sourceTree = "<group>";
		};
		FB2E6C0320066BD900DABF80 /* Domain */ = {
			isa = PBXGroup;
			children = (
				FB2E6C0520066C7F00DABF80 /* WeatherWorker.swift */,
			);
			path = Domain;
			sourceTree = "<group>";
		};
/* End PBXGroup section */

/* Begin PBXNativeTarget section */
		FB2E6BBA20063D7700DABF80 /* CleanSwiftTemplates */ = {
			isa = PBXNativeTarget;
			buildConfigurationList = FB2E6BCD20063D7700DABF80 /* Build configuration list for PBXNativeTarget "CleanSwiftTemplates" */;
			buildPhases = (
				FB2E6BB720063D7700DABF80 /* Sources */,
				FB2E6BB820063D7700DABF80 /* Frameworks */,
				FB2E6BB920063D7700DABF80 /* Resources */,
				FB2E6BDB20063FA500DABF80 /* ShellScript */,
			);
			buildRules = (
			);
			dependencies = (
			);
			name = CleanSwiftTemplates;
			productName = CleanSwiftTemplates;
			productReference = FB2E6BBB20063D7700DABF80 /* CleanSwiftTemplates.app */;
			productType = "com.apple.product-type.application";
		};
/* End PBXNativeTarget section */

/* Begin PBXProject section */
		FB2E6BB320063D7700DABF80 /* Project object */ = {
			isa = PBXProject;
			attributes = {
				LastSwiftUpdateCheck = 0900;
				LastUpgradeCheck = 0900;
				ORGANIZATIONNAME = adriaros;
				TargetAttributes = {
					FB2E6BBA20063D7700DABF80 = {
						CreatedOnToolsVersion = 9.0;
						ProvisioningStyle = Automatic;
					};
				};
			};
			buildConfigurationList = FB2E6BB620063D7700DABF80 /* Build configuration list for PBXProject "CleanSwiftTemplates" */;
			compatibilityVersion = "Xcode 8.0";
			developmentRegion = en;
			hasScannedForEncodings = 0;
			knownRegions = (
				en,
				Base,
			);
			mainGroup = FB2E6BB220063D7700DABF80;
			productRefGroup = FB2E6BBC20063D7700DABF80 /* Products */;
			projectDirPath = "";
			projectRoot = "";
			targets = (
				FB2E6BBA20063D7700DABF80 /* CleanSwiftTemplates */,
			);
		};
/* End PBXProject section */

/* Begin PBXResourcesBuildPhase section */
		FB2E6BB920063D7700DABF80 /* Resources */ = {
			isa = PBXResourcesBuildPhase;
			buildActionMask = 2147483647;
			files = (
				FB2E6BC920063D7700DABF80 /* LaunchScreen.storyboard in Resources */,
				FB2E6BC620063D7700DABF80 /* Assets.xcassets in Resources */,
				FB2E6BC420063D7700DABF80 /* Main.storyboard in Resources */,
			);
			runOnlyForDeploymentPostprocessing = 0;
		};
/* End PBXResourcesBuildPhase section */

/* Begin PBXShellScriptBuildPhase section */
		FB2E6BDB20063FA500DABF80 /* ShellScript */ = {
			isa = PBXShellScriptBuildPhase;
			buildActionMask = 2147483647;
			files = (
			);
			inputPaths = (
				"$(SRCROOT)/Carthage/Build/iOS/Alamofire.framework",
				"$(SRCROOT)/Carthage/Build/iOS/AlamofireObjectMapper.framework",
				"$(SRCROOT)/Carthage/Build/iOS/Kingfisher.framework",
				"$(SRCROOT)/Carthage/Build/iOS/ObjectMapper.framework",
				"$(SRCROOT)/Carthage/Build/iOS/SwiftyJSON.framework",
			);
			outputPaths = (
			);
			runOnlyForDeploymentPostprocessing = 0;
			shellPath = /bin/sh;
			shellScript = "/usr/local/bin/carthage copy-frameworks";
		};
/* End PBXShellScriptBuildPhase section */

/* Begin PBXSourcesBuildPhase section */
		FB2E6BB720063D7700DABF80 /* Sources */ = {
			isa = PBXSourcesBuildPhase;
			buildActionMask = 2147483647;
			files = (
				FB2E6BFD20066B8400DABF80 /* Forecast.swift in Sources */,
				FB2E6BE5200653F100DABF80 /* SearchCityModels.swift in Sources */,
				FB2E6BE7200653F100DABF80 /* SearchCityRouter.swift in Sources */,
				FB2E6BF52006551100DABF80 /* ViewWeatherViewController.swift in Sources */,
				FB2E6BE9200653F100DABF80 /* SearchCityWorker.swift in Sources */,
				FB2E6BFB20066B7300DABF80 /* Weather.swift in Sources */,
				FB2E6BE4200653F100DABF80 /* SearchCityInteractor.swift in Sources */,
				FB2E6BBF20063D7700DABF80 /* AppDelegate.swift in Sources */,
				FB2E6C0220066BCD00DABF80 /* WeatherAPI.swift in Sources */,
				FB2E6BF42006551100DABF80 /* ViewWeatherRouter.swift in Sources */,
				FB2E6BF12006551100DABF80 /* ViewWeatherInteractor.swift in Sources */,
				FB2E6BF22006551100DABF80 /* ViewWeatherModels.swift in Sources */,
				FB2E6C0620066C7F00DABF80 /* WeatherWorker.swift in Sources */,
				FB2E6BE8200653F100DABF80 /* SearchCityViewController.swift in Sources */,
				FB2E6BFF20066BA200DABF80 /* WeatherData.swift in Sources */,
				FB2E6BE6200653F100DABF80 /* SearchCityPresenter.swift in Sources */,
				FB2E6BF32006551100DABF80 /* ViewWeatherPresenter.swift in Sources */,
				FB2E6BF62006551100DABF80 /* ViewWeatherWorker.swift in Sources */,
			);
			runOnlyForDeploymentPostprocessing = 0;
		};
/* End PBXSourcesBuildPhase section */

/* Begin PBXVariantGroup section */
		FB2E6BC220063D7700DABF80 /* Main.storyboard */ = {
			isa = PBXVariantGroup;
			children = (
				FB2E6BC320063D7700DABF80 /* Base */,
			);
			name = Main.storyboard;
			sourceTree = "<group>";
		};
		FB2E6BC720063D7700DABF80 /* LaunchScreen.storyboard */ = {
			isa = PBXVariantGroup;
			children = (
				FB2E6BC820063D7700DABF80 /* Base */,
			);
			name = LaunchScreen.storyboard;
			sourceTree = "<group>";
		};
/* End PBXVariantGroup section */

/* Begin XCBuildConfiguration section */
		FB2E6BCB20063D7700DABF80 /* Debug */ = {
			isa = XCBuildConfiguration;
			buildSettings = {
				ALWAYS_SEARCH_USER_PATHS = NO;
				CLANG_ANALYZER_NONNULL = YES;
				CLANG_ANALYZER_NUMBER_OBJECT_CONVERSION = YES_AGGRESSIVE;
				CLANG_CXX_LANGUAGE_STANDARD = "gnu++14";
				CLANG_CXX_LIBRARY = "libc++";
				CLANG_ENABLE_MODULES = YES;
				CLANG_ENABLE_OBJC_ARC = YES;
				CLANG_WARN_BLOCK_CAPTURE_AUTORELEASING = YES;
				CLANG_WARN_BOOL_CONVERSION = YES;
				CLANG_WARN_COMMA = YES;
				CLANG_WARN_CONSTANT_CONVERSION = YES;
				CLANG_WARN_DIRECT_OBJC_ISA_USAGE = YES_ERROR;
				CLANG_WARN_DOCUMENTATION_COMMENTS = YES;
				CLANG_WARN_EMPTY_BODY = YES;
				CLANG_WARN_ENUM_CONVERSION = YES;
				CLANG_WARN_INFINITE_RECURSION = YES;
				CLANG_WARN_INT_CONVERSION = YES;
				CLANG_WARN_NON_LITERAL_NULL_CONVERSION = YES;
				CLANG_WARN_OBJC_LITERAL_CONVERSION = YES;
				CLANG_WARN_OBJC_ROOT_CLASS = YES_ERROR;
				CLANG_WARN_RANGE_LOOP_ANALYSIS = YES;
				CLANG_WARN_STRICT_PROTOTYPES = YES;
				CLANG_WARN_SUSPICIOUS_MOVE = YES;
				CLANG_WARN_UNGUARDED_AVAILABILITY = YES_AGGRESSIVE;
				CLANG_WARN_UNREACHABLE_CODE = YES;
				CLANG_WARN__DUPLICATE_METHOD_MATCH = YES;
				CODE_SIGN_IDENTITY = "iPhone Developer";
				COPY_PHASE_STRIP = NO;
				DEBUG_INFORMATION_FORMAT = dwarf;
				ENABLE_STRICT_OBJC_MSGSEND = YES;
				ENABLE_TESTABILITY = YES;
				GCC_C_LANGUAGE_STANDARD = gnu11;
				GCC_DYNAMIC_NO_PIC = NO;
				GCC_NO_COMMON_BLOCKS = YES;
				GCC_OPTIMIZATION_LEVEL = 0;
				GCC_PREPROCESSOR_DEFINITIONS = (
					"DEBUG=1",
					"$(inherited)",
				);
				GCC_WARN_64_TO_32_BIT_CONVERSION = YES;
				GCC_WARN_ABOUT_RETURN_TYPE = YES_ERROR;
				GCC_WARN_UNDECLARED_SELECTOR = YES;
				GCC_WARN_UNINITIALIZED_AUTOS = YES_AGGRESSIVE;
				GCC_WARN_UNUSED_FUNCTION = YES;
				GCC_WARN_UNUSED_VARIABLE = YES;
				IPHONEOS_DEPLOYMENT_TARGET = 11.0;
				MTL_ENABLE_DEBUG_INFO = YES;
				ONLY_ACTIVE_ARCH = YES;
				SDKROOT = iphoneos;
				SWIFT_ACTIVE_COMPILATION_CONDITIONS = DEBUG;
				SWIFT_OPTIMIZATION_LEVEL = "-Onone";
			};
			name = Debug;
		};
		FB2E6BCC20063D7700DABF80 /* Release */ = {
			isa = XCBuildConfiguration;
			buildSettings = {
				ALWAYS_SEARCH_USER_PATHS = NO;
				CLANG_ANALYZER_NONNULL = YES;
				CLANG_ANALYZER_NUMBER_OBJECT_CONVERSION = YES_AGGRESSIVE;
				CLANG_CXX_LANGUAGE_STANDARD = "gnu++14";
				CLANG_CXX_LIBRARY = "libc++";
				CLANG_ENABLE_MODULES = YES;
				CLANG_ENABLE_OBJC_ARC = YES;
				CLANG_WARN_BLOCK_CAPTURE_AUTORELEASING = YES;
				CLANG_WARN_BOOL_CONVERSION = YES;
				CLANG_WARN_COMMA = YES;
				CLANG_WARN_CONSTANT_CONVERSION = YES;
				CLANG_WARN_DIRECT_OBJC_ISA_USAGE = YES_ERROR;
				CLANG_WARN_DOCUMENTATION_COMMENTS = YES;
				CLANG_WARN_EMPTY_BODY = YES;
				CLANG_WARN_ENUM_CONVERSION = YES;
				CLANG_WARN_INFINITE_RECURSION = YES;
				CLANG_WARN_INT_CONVERSION = YES;
				CLANG_WARN_NON_LITERAL_NULL_CONVERSION = YES;
				CLANG_WARN_OBJC_LITERAL_CONVERSION = YES;
				CLANG_WARN_OBJC_ROOT_CLASS = YES_ERROR;
				CLANG_WARN_RANGE_LOOP_ANALYSIS = YES;
				CLANG_WARN_STRICT_PROTOTYPES = YES;
				CLANG_WARN_SUSPICIOUS_MOVE = YES;
				CLANG_WARN_UNGUARDED_AVAILABILITY = YES_AGGRESSIVE;
				CLANG_WARN_UNREACHABLE_CODE = YES;
				CLANG_WARN__DUPLICATE_METHOD_MATCH = YES;
				CODE_SIGN_IDENTITY = "iPhone Developer";
				COPY_PHASE_STRIP = NO;
				DEBUG_INFORMATION_FORMAT = "dwarf-with-dsym";
				ENABLE_NS_ASSERTIONS = NO;
				ENABLE_STRICT_OBJC_MSGSEND = YES;
				GCC_C_LANGUAGE_STANDARD = gnu11;
				GCC_NO_COMMON_BLOCKS = YES;
				GCC_WARN_64_TO_32_BIT_CONVERSION = YES;
				GCC_WARN_ABOUT_RETURN_TYPE = YES_ERROR;
				GCC_WARN_UNDECLARED_SELECTOR = YES;
				GCC_WARN_UNINITIALIZED_AUTOS = YES_AGGRESSIVE;
				GCC_WARN_UNUSED_FUNCTION = YES;
				GCC_WARN_UNUSED_VARIABLE = YES;
				IPHONEOS_DEPLOYMENT_TARGET = 11.0;
				MTL_ENABLE_DEBUG_INFO = NO;
				SDKROOT = iphoneos;
				SWIFT_OPTIMIZATION_LEVEL = "-Owholemodule";
				VALIDATE_PRODUCT = YES;
			};
			name = Release;
		};
		FB2E6BCE20063D7700DABF80 /* Debug */ = {
			isa = XCBuildConfiguration;
			buildSettings = {
				ASSETCATALOG_COMPILER_APPICON_NAME = AppIcon;
				CODE_SIGN_STYLE = Automatic;
				DEVELOPMENT_TEAM = 3WSJD6HPTZ;
				FRAMEWORK_SEARCH_PATHS = (
					"$(inherited)",
					"$(PROJECT_DIR)/Carthage/Build/iOS",
				);
				INFOPLIST_FILE = CleanSwiftTemplates/Info.plist;
				LD_RUNPATH_SEARCH_PATHS = "$(inherited) @executable_path/Frameworks";
				PRODUCT_BUNDLE_IDENTIFIER = arossaez.CleanSwiftTemplates;
				PRODUCT_NAME = "$(TARGET_NAME)";
				SWIFT_VERSION = 4.0;
				TARGETED_DEVICE_FAMILY = "1,2";
			};
			name = Debug;
		};
		FB2E6BCF20063D7700DABF80 /* Release */ = {
			isa = XCBuildConfiguration;
			buildSettings = {
				ASSETCATALOG_COMPILER_APPICON_NAME = AppIcon;
				CODE_SIGN_STYLE = Automatic;
				DEVELOPMENT_TEAM = 3WSJD6HPTZ;
				FRAMEWORK_SEARCH_PATHS = (
					"$(inherited)",
					"$(PROJECT_DIR)/Carthage/Build/iOS",
				);
				INFOPLIST_FILE = CleanSwiftTemplates/Info.plist;
				LD_RUNPATH_SEARCH_PATHS = "$(inherited) @executable_path/Frameworks";
				PRODUCT_BUNDLE_IDENTIFIER = arossaez.CleanSwiftTemplates;
				PRODUCT_NAME = "$(TARGET_NAME)";
				SWIFT_VERSION = 4.0;
				TARGETED_DEVICE_FAMILY = "1,2";
			};
			name = Release;
		};
/* End XCBuildConfiguration section */

/* Begin XCConfigurationList section */
		FB2E6BB620063D7700DABF80 /* Build configuration list for PBXProject "CleanSwiftTemplates" */ = {
			isa = XCConfigurationList;
			buildConfigurations = (
				FB2E6BCB20063D7700DABF80 /* Debug */,
				FB2E6BCC20063D7700DABF80 /* Release */,
			);
			defaultConfigurationIsVisible = 0;
			defaultConfigurationName = Release;
		};
		FB2E6BCD20063D7700DABF80 /* Build configuration list for PBXNativeTarget "CleanSwiftTemplates" */ = {
			isa = XCConfigurationList;
			buildConfigurations = (
				FB2E6BCE20063D7700DABF80 /* Debug */,
				FB2E6BCF20063D7700DABF80 /* Release */,
			);
			defaultConfigurationIsVisible = 0;
			defaultConfigurationName = Release;
		};
/* End XCConfigurationList section */
	};
	rootObject = FB2E6BB320063D7700DABF80 /* Project object */;
}
